
Microsoft Visual Studio Solution File, Format Version 12.00
# Visual Studio 2013
VisualStudioVersion = 12.0.40629.0
MinimumVisualStudioVersion = 10.0.40219.1
Project("{FAE04EC0-301F-11D3-BF4B-00C04F79EFBC}") = "ExtendedAudioImporter", "ExtendedAudioImporter\ExtendedAudioImporter.csproj", "{FC04C488-99E9-4A78-99E1-9363BF3A75B2}"
	ProjectSection(ProjectDependencies) = postProject
		{B6E045B5-662F-4389-A8E0-044A3F26DDCC} = {B6E045B5-662F-4389-A8E0-044A3F26DDCC}
		{4E3702CF-9486-4B68-A84B-2AC9EAE446F4} = {4E3702CF-9486-4B68-A84B-2AC9EAE446F4}
	EndProjectSection
EndProject
Project("{8BC9CEB8-8B4A-11D0-8D11-00A0C91BC942}") = "SoXWrapper_x86", "SoXWrapper\SoXWrapper_x86.vcxproj", "{4E3702CF-9486-4B68-A84B-2AC9EAE446F4}"
EndProject
Project("{2150E333-8FDC-42A3-9474-1A3956D46DE8}") = "SoX", "SoX", "{32C57704-AAFB-4198-B61C-29D2B6CC78D3}"
EndProject
Project("{8BC9CEB8-8B4A-11D0-8D11-00A0C91BC942}") = "LibFlac_x86", "Dependencies\LibFlac_x86.vcxproj", "{38203D05-AF71-4FF2-A183-A7D9CB8D2AE0}"
EndProject
Project("{8BC9CEB8-8B4A-11D0-8D11-00A0C91BC942}") = "LibOgg_x86", "Dependencies\LibOgg_x86.vcxproj", "{C5C229AC-316D-42CB-9CA3-329619618972}"
EndProject
Project("{8BC9CEB8-8B4A-11D0-8D11-00A0C91BC942}") = "LibSoX_x86", "Dependencies\LibSoX_x86.vcxproj", "{F17BE535-C7E8-4930-A6FD-32498D73A533}"
EndProject
Project("{8BC9CEB8-8B4A-11D0-8D11-00A0C91BC942}") = "LibVorbis_x86", "Dependencies\LibVorbis_x86.vcxproj", "{524A24CD-0973-4733-8EB9-F419DC6F9997}"
EndProject
Project("{2150E333-8FDC-42A3-9474-1A3956D46DE8}") = "x86", "x86", "{F04182C1-5053-45CF-A555-3B1C2F5675C3}"
EndProject
Project("{2150E333-8FDC-42A3-9474-1A3956D46DE8}") = "x64", "x64", "{9A423C84-3CEB-434B-9D0C-1E6900264E55}"
EndProject
Project("{8BC9CEB8-8B4A-11D0-8D11-00A0C91BC942}") = "LibFlac_x64", "Dependencies\LibFlac_x64.vcxproj", "{C70C9297-AA18-49C2-9B7B-B5CEE8B925D0}"
EndProject
Project("{8BC9CEB8-8B4A-11D0-8D11-00A0C91BC942}") = "LibOgg_x64", "Dependencies\LibOgg_x64.vcxproj", "{E14373C3-0804-454A-B346-2AC1B68EA858}"
EndProject
Project("{8BC9CEB8-8B4A-11D0-8D11-00A0C91BC942}") = "LibSoX_x64", "Dependencies\LibSoX_x64.vcxproj", "{F5A93130-8068-4E35-919C-0CBB380EB7D2}"
EndProject
Project("{8BC9CEB8-8B4A-11D0-8D11-00A0C91BC942}") = "LibVorbis_x64", "Dependencies\LibVorbis_x64.vcxproj", "{1E60AC5A-BF13-40E0-BB46-BA1F5E721F44}"
EndProject
Project("{8BC9CEB8-8B4A-11D0-8D11-00A0C91BC942}") = "SoXWrapper_x64", "SoXWrapper\SoXWrapper_x64.vcxproj", "{B6E045B5-662F-4389-A8E0-044A3F26DDCC}"
EndProject
Project("{8BC9CEB8-8B4A-11D0-8D11-00A0C91BC942}") = "LibGsm_x64", "Dependencies\LibGsm_x64.vcxproj", "{BEE9F57C-384E-4C99-87EB-629BF45C8A89}"
EndProject
Project("{8BC9CEB8-8B4A-11D0-8D11-00A0C91BC942}") = "LibGsm_x86", "Dependencies\LibGsm_x86.vcxproj", "{86DFDB35-DACA-45C0-BE8A-1C5A17856AF8}"
EndProject
Project("{8BC9CEB8-8B4A-11D0-8D11-00A0C91BC942}") = "LibMad_x86", "Dependencies\LibMad_x86.vcxproj", "{B7A8AD9A-0D07-4453-B2DE-FEABD9546263}"
EndProject
Project("{8BC9CEB8-8B4A-11D0-8D11-00A0C91BC942}") = "LibMad_x64", "Dependencies\LibMad_x64.vcxproj", "{02A37725-DBFD-4810-9F5C-2890DA4686E2}"
EndProject
Global
	GlobalSection(SolutionConfigurationPlatforms) = preSolution
		Debug|Any CPU = Debug|Any CPU
		Release|Any CPU = Release|Any CPU
	EndGlobalSection
	GlobalSection(ProjectConfigurationPlatforms) = postSolution
		{FC04C488-99E9-4A78-99E1-9363BF3A75B2}.Debug|Any CPU.ActiveCfg = Debug|Any CPU
		{FC04C488-99E9-4A78-99E1-9363BF3A75B2}.Debug|Any CPU.Build.0 = Debug|Any CPU
		{FC04C488-99E9-4A78-99E1-9363BF3A75B2}.Release|Any CPU.ActiveCfg = Release|Any CPU
		{FC04C488-99E9-4A78-99E1-9363BF3A75B2}.Release|Any CPU.Build.0 = Release|Any CPU
		{4E3702CF-9486-4B68-A84B-2AC9EAE446F4}.Debug|Any CPU.ActiveCfg = Debug|Win32
		{4E3702CF-9486-4B68-A84B-2AC9EAE446F4}.Debug|Any CPU.Build.0 = Debug|Win32
		{4E3702CF-9486-4B68-A84B-2AC9EAE446F4}.Release|Any CPU.ActiveCfg = Release|Win32
		{4E3702CF-9486-4B68-A84B-2AC9EAE446F4}.Release|Any CPU.Build.0 = Release|Win32
		{38203D05-AF71-4FF2-A183-A7D9CB8D2AE0}.Debug|Any CPU.ActiveCfg = Debug|Win32
		{38203D05-AF71-4FF2-A183-A7D9CB8D2AE0}.Debug|Any CPU.Build.0 = Debug|Win32
		{38203D05-AF71-4FF2-A183-A7D9CB8D2AE0}.Release|Any CPU.ActiveCfg = Release|Win32
		{38203D05-AF71-4FF2-A183-A7D9CB8D2AE0}.Release|Any CPU.Build.0 = Release|Win32
		{C5C229AC-316D-42CB-9CA3-329619618972}.Debug|Any CPU.ActiveCfg = Debug|Win32
		{C5C229AC-316D-42CB-9CA3-329619618972}.Debug|Any CPU.Build.0 = Debug|Win32
		{C5C229AC-316D-42CB-9CA3-329619618972}.Release|Any CPU.ActiveCfg = Release|Win32
		{C5C229AC-316D-42CB-9CA3-329619618972}.Release|Any CPU.Build.0 = Release|Win32
		{F17BE535-C7E8-4930-A6FD-32498D73A533}.Debug|Any CPU.ActiveCfg = Debug|Win32
		{F17BE535-C7E8-4930-A6FD-32498D73A533}.Debug|Any CPU.Build.0 = Debug|Win32
		{F17BE535-C7E8-4930-A6FD-32498D73A533}.Release|Any CPU.ActiveCfg = Release|Win32
		{F17BE535-C7E8-4930-A6FD-32498D73A533}.Release|Any CPU.Build.0 = Release|Win32
		{524A24CD-0973-4733-8EB9-F419DC6F9997}.Debug|Any CPU.ActiveCfg = Debug|Win32
		{524A24CD-0973-4733-8EB9-F419DC6F9997}.Debug|Any CPU.Build.0 = Debug|Win32
		{524A24CD-0973-4733-8EB9-F419DC6F9997}.Release|Any CPU.ActiveCfg = Release|Win32
		{524A24CD-0973-4733-8EB9-F419DC6F9997}.Release|Any CPU.Build.0 = Release|Win32
		{C70C9297-AA18-49C2-9B7B-B5CEE8B925D0}.Debug|Any CPU.ActiveCfg = Debug|x64
		{C70C9297-AA18-49C2-9B7B-B5CEE8B925D0}.Debug|Any CPU.Build.0 = Debug|x64
		{C70C9297-AA18-49C2-9B7B-B5CEE8B925D0}.Release|Any CPU.ActiveCfg = Release|x64
		{C70C9297-AA18-49C2-9B7B-B5CEE8B925D0}.Release|Any CPU.Build.0 = Release|x64
		{E14373C3-0804-454A-B346-2AC1B68EA858}.Debug|Any CPU.ActiveCfg = Debug|x64
		{E14373C3-0804-454A-B346-2AC1B68EA858}.Debug|Any CPU.Build.0 = Debug|x64
		{E14373C3-0804-454A-B346-2AC1B68EA858}.Release|Any CPU.ActiveCfg = Release|x64
		{E14373C3-0804-454A-B346-2AC1B68EA858}.Release|Any CPU.Build.0 = Release|x64
		{F5A93130-8068-4E35-919C-0CBB380EB7D2}.Debug|Any CPU.ActiveCfg = Debug|x64
		{F5A93130-8068-4E35-919C-0CBB380EB7D2}.Debug|Any CPU.Build.0 = Debug|x64
		{F5A93130-8068-4E35-919C-0CBB380EB7D2}.Release|Any CPU.ActiveCfg = Release|x64
		{F5A93130-8068-4E35-919C-0CBB380EB7D2}.Release|Any CPU.Build.0 = Release|x64
		{1E60AC5A-BF13-40E0-BB46-BA1F5E721F44}.Debug|Any CPU.ActiveCfg = Debug|x64
		{1E60AC5A-BF13-40E0-BB46-BA1F5E721F44}.Debug|Any CPU.Build.0 = Debug|x64
		{1E60AC5A-BF13-40E0-BB46-BA1F5E721F44}.Release|Any CPU.ActiveCfg = Release|x64
		{1E60AC5A-BF13-40E0-BB46-BA1F5E721F44}.Release|Any CPU.Build.0 = Release|x64
		{B6E045B5-662F-4389-A8E0-044A3F26DDCC}.Debug|Any CPU.ActiveCfg = Debug|x64
		{B6E045B5-662F-4389-A8E0-044A3F26DDCC}.Debug|Any CPU.Build.0 = Debug|x64
		{B6E045B5-662F-4389-A8E0-044A3F26DDCC}.Release|Any CPU.ActiveCfg = Release|x64
		{B6E045B5-662F-4389-A8E0-044A3F26DDCC}.Release|Any CPU.Build.0 = Release|x64
		{BEE9F57C-384E-4C99-87EB-629BF45C8A89}.Debug|Any CPU.ActiveCfg = Debug|x64
		{BEE9F57C-384E-4C99-87EB-629BF45C8A89}.Debug|Any CPU.Build.0 = Debug|x64
		{BEE9F57C-384E-4C99-87EB-629BF45C8A89}.Release|Any CPU.ActiveCfg = Release|x64
		{BEE9F57C-384E-4C99-87EB-629BF45C8A89}.Release|Any CPU.Build.0 = Release|x64
		{86DFDB35-DACA-45C0-BE8A-1C5A17856AF8}.Debug|Any CPU.ActiveCfg = Debug|Win32
		{86DFDB35-DACA-45C0-BE8A-1C5A17856AF8}.Debug|Any CPU.Build.0 = Debug|Win32
		{86DFDB35-DACA-45C0-BE8A-1C5A17856AF8}.Release|Any CPU.ActiveCfg = Release|Win32
		{86DFDB35-DACA-45C0-BE8A-1C5A17856AF8}.Release|Any CPU.Build.0 = Release|Win32
		{B7A8AD9A-0D07-4453-B2DE-FEABD9546263}.Debug|Any CPU.ActiveCfg = Debug|Win32
		{B7A8AD9A-0D07-4453-B2DE-FEABD9546263}.Debug|Any CPU.Build.0 = Debug|Win32
		{B7A8AD9A-0D07-4453-B2DE-FEABD9546263}.Release|Any CPU.ActiveCfg = Release|Win32
		{B7A8AD9A-0D07-4453-B2DE-FEABD9546263}.Release|Any CPU.Build.0 = Release|Win32
		{02A37725-DBFD-4810-9F5C-2890DA4686E2}.Debug|Any CPU.ActiveCfg = Debug|x64
		{02A37725-DBFD-4810-9F5C-2890DA4686E2}.Debug|Any CPU.Build.0 = Debug|x64
		{02A37725-DBFD-4810-9F5C-2890DA4686E2}.Release|Any CPU.ActiveCfg = Release|x64
		{02A37725-DBFD-4810-9F5C-2890DA4686E2}.Release|Any CPU.Build.0 = Release|x64
	EndGlobalSection
	GlobalSection(SolutionProperties) = preSolution
		HideSolutionNode = FALSE
	EndGlobalSection
	GlobalSection(NestedProjects) = preSolution
		{4E3702CF-9486-4B68-A84B-2AC9EAE446F4} = {F04182C1-5053-45CF-A555-3B1C2F5675C3}
		{38203D05-AF71-4FF2-A183-A7D9CB8D2AE0} = {F04182C1-5053-45CF-A555-3B1C2F5675C3}
		{C5C229AC-316D-42CB-9CA3-329619618972} = {F04182C1-5053-45CF-A555-3B1C2F5675C3}
		{F17BE535-C7E8-4930-A6FD-32498D73A533} = {F04182C1-5053-45CF-A555-3B1C2F5675C3}
		{524A24CD-0973-4733-8EB9-F419DC6F9997} = {F04182C1-5053-45CF-A555-3B1C2F5675C3}
		{F04182C1-5053-45CF-A555-3B1C2F5675C3} = {32C57704-AAFB-4198-B61C-29D2B6CC78D3}
		{9A423C84-3CEB-434B-9D0C-1E6900264E55} = {32C57704-AAFB-4198-B61C-29D2B6CC78D3}
		{C70C9297-AA18-49C2-9B7B-B5CEE8B925D0} = {9A423C84-3CEB-434B-9D0C-1E6900264E55}
		{E14373C3-0804-454A-B346-2AC1B68EA858} = {9A423C84-3CEB-434B-9D0C-1E6900264E55}
		{F5A93130-8068-4E35-919C-0CBB380EB7D2} = {9A423C84-3CEB-434B-9D0C-1E6900264E55}
		{1E60AC5A-BF13-40E0-BB46-BA1F5E721F44} = {9A423C84-3CEB-434B-9D0C-1E6900264E55}
		{B6E045B5-662F-4389-A8E0-044A3F26DDCC} = {9A423C84-3CEB-434B-9D0C-1E6900264E55}
		{BEE9F57C-384E-4C99-87EB-629BF45C8A89} = {9A423C84-3CEB-434B-9D0C-1E6900264E55}
		{86DFDB35-DACA-45C0-BE8A-1C5A17856AF8} = {F04182C1-5053-45CF-A555-3B1C2F5675C3}
		{B7A8AD9A-0D07-4453-B2DE-FEABD9546263} = {F04182C1-5053-45CF-A555-3B1C2F5675C3}
		{02A37725-DBFD-4810-9F5C-2890DA4686E2} = {9A423C84-3CEB-434B-9D0C-1E6900264E55}
	EndGlobalSection
EndGlobal
